
Microsoft Visual Studio Solution File, Format Version 12.00
# Visual Studio 2012
Project("{FAE04EC0-301F-11D3-BF4B-00C04F79EFBC}") = "HeiMa8.OA.Model", "HeiMa8.OA.Model\HeiMa8.OA.Model.csproj", "{A6AC1FF1-A6B5-4189-A3B1-3B5B471A3224}"
EndProject
Project("{FAE04EC0-301F-11D3-BF4B-00C04F79EFBC}") = "HeiMa8.OA.BLL", "HeiMa8.OA.BLL\HeiMa8.OA.BLL.csproj", "{2ADE9E78-3E7A-4A7B-986D-26965DAA64E7}"
EndProject
Project("{FAE04EC0-301F-11D3-BF4B-00C04F79EFBC}") = "HeiMa8.OA.Common", "HeiMa8.OA.Common\HeiMa8.OA.Common.csproj", "{3D9F1721-84EF-443F-B5A6-B692B3B0D8A2}"
EndProject
Project("{FAE04EC0-301F-11D3-BF4B-00C04F79EFBC}") = "HeiMa8.OA.EFDAL", "HeiMa8.OA.EFDAL\HeiMa8.OA.EFDAL.csproj", "{B74F955F-BE8E-4DE0-8903-67C8C17C5E2B}"
EndProject
Project("{FAE04EC0-301F-11D3-BF4B-00C04F79EFBC}") = "HeiMa8.OA.UI.Portal", "HeiMa8.OA.UI.Portal\HeiMa8.OA.UI.Portal.csproj", "{0BCC885B-6196-4B86-92A5-6C74C59568BA}"
EndProject
Project("{2150E333-8FDC-42A3-9474-1A3956D46DE8}") = "BLL", "BLL", "{61B5F344-DCC6-46E4-852C-B193350D957A}"
EndProject
Project("{2150E333-8FDC-42A3-9474-1A3956D46DE8}") = "DAL", "DAL", "{2FAF4831-2A56-47AB-86A6-AD786E6CA594}"
EndProject
Project("{2150E333-8FDC-42A3-9474-1A3956D46DE8}") = "Model", "Model", "{B0F7B11B-9175-4DD0-B137-373737A6916E}"
EndProject
Project("{2150E333-8FDC-42A3-9474-1A3956D46DE8}") = "Common", "Common", "{EE3B3122-097D-4DA4-936C-BA882AFA0726}"
EndProject
Project("{2150E333-8FDC-42A3-9474-1A3956D46DE8}") = "UI", "UI", "{ED39A615-DA80-4D14-B027-1B52693367A3}"
EndProject
Project("{FAE04EC0-301F-11D3-BF4B-00C04F79EFBC}") = "HeiMa8.OA.IDAL", "HeiMa8.OA.IDAL\HeiMa8.OA.IDAL.csproj", "{9FCF1A2A-5C00-4822-A043-1A0D8583C172}"
EndProject
Project("{FAE04EC0-301F-11D3-BF4B-00C04F79EFBC}") = "HeiMa8.OA.DALFactory", "HeiMa8.OA.DALFactory\HeiMa8.OA.DALFactory.csproj", "{CAECC447-0F2C-4BA8-A44E-71D50DD62EF5}"
EndProject
Project("{FAE04EC0-301F-11D3-BF4B-00C04F79EFBC}") = "HeiMa8.OA.IBLL", "HeiMa8.OA.IBLL\HeiMa8.OA.IBLL.csproj", "{97E9B4B3-3CC3-45D6-B7AA-7A45EFA8C43B}"
EndProject
Project("{2150E333-8FDC-42A3-9474-1A3956D46DE8}") = "Demos", "Demos", "{6987AF08-3DEC-4089-88EF-29DD0532B10C}"
EndProject
Project("{FAE04EC0-301F-11D3-BF4B-00C04F79EFBC}") = "Log4Net", "Log4Net\Log4Net.csproj", "{CE9E1313-6947-4912-844C-B4DE80F56F0B}"
EndProject
Project("{FAE04EC0-301F-11D3-BF4B-00C04F79EFBC}") = "PetaPOCOProject", "PetaPOCOProject\PetaPOCOProject.csproj", "{B930CD71-EFFD-4BB1-86A2-73D8F64213CB}"
EndProject
Project("{FAE04EC0-301F-11D3-BF4B-00C04F79EFBC}") = "MemcacheTest", "MemcacheTest\MemcacheTest.csproj", "{BC726342-843E-43DC-ADA5-BC8390E03000}"
EndProject
Project("{FAE04EC0-301F-11D3-BF4B-00C04F79EFBC}") = "WorkFlow", "WorkFlow\WorkFlow.csproj", "{D63FBC64-8E86-4E10-A399-B817DDE70F68}"
EndProject
Project("{2150E333-8FDC-42A3-9474-1A3956D46DE8}") = "WorkFlow", "WorkFlow", "{804BBB6B-381B-4C1C-9C10-C72E3FE7399F}"
EndProject
Project("{FAE04EC0-301F-11D3-BF4B-00C04F79EFBC}") = "HeiMa8.OA.WorkFlow", "HeiMa8.OA.WorkFlow\HeiMa8.OA.WorkFlow.csproj", "{5DE781DA-A10A-4FE7-8F37-6917B6427679}"
EndProject
Global
	GlobalSection(SolutionConfigurationPlatforms) = preSolution
		Debug|Any CPU = Debug|Any CPU
		Release|Any CPU = Release|Any CPU
	EndGlobalSection
	GlobalSection(ProjectConfigurationPlatforms) = postSolution
		{A6AC1FF1-A6B5-4189-A3B1-3B5B471A3224}.Debug|Any CPU.ActiveCfg = Debug|Any CPU
		{A6AC1FF1-A6B5-4189-A3B1-3B5B471A3224}.Debug|Any CPU.Build.0 = Debug|Any CPU
		{A6AC1FF1-A6B5-4189-A3B1-3B5B471A3224}.Release|Any CPU.ActiveCfg = Release|Any CPU
		{A6AC1FF1-A6B5-4189-A3B1-3B5B471A3224}.Release|Any CPU.Build.0 = Release|Any CPU
		{2ADE9E78-3E7A-4A7B-986D-26965DAA64E7}.Debug|Any CPU.ActiveCfg = Debug|Any CPU
		{2ADE9E78-3E7A-4A7B-986D-26965DAA64E7}.Debug|Any CPU.Build.0 = Debug|Any CPU
		{2ADE9E78-3E7A-4A7B-986D-26965DAA64E7}.Release|Any CPU.ActiveCfg = Release|Any CPU
		{2ADE9E78-3E7A-4A7B-986D-26965DAA64E7}.Release|Any CPU.Build.0 = Release|Any CPU
		{3D9F1721-84EF-443F-B5A6-B692B3B0D8A2}.Debug|Any CPU.ActiveCfg = Debug|Any CPU
		{3D9F1721-84EF-443F-B5A6-B692B3B0D8A2}.Debug|Any CPU.Build.0 = Debug|Any CPU
		{3D9F1721-84EF-443F-B5A6-B692B3B0D8A2}.Release|Any CPU.ActiveCfg = Release|Any CPU
		{3D9F1721-84EF-443F-B5A6-B692B3B0D8A2}.Release|Any CPU.Build.0 = Release|Any CPU
		{B74F955F-BE8E-4DE0-8903-67C8C17C5E2B}.Debug|Any CPU.ActiveCfg = Debug|Any CPU
		{B74F955F-BE8E-4DE0-8903-67C8C17C5E2B}.Debug|Any CPU.Build.0 = Debug|Any CPU
		{B74F955F-BE8E-4DE0-8903-67C8C17C5E2B}.Release|Any CPU.ActiveCfg = Release|Any CPU
		{B74F955F-BE8E-4DE0-8903-67C8C17C5E2B}.Release|Any CPU.Build.0 = Release|Any CPU
		{0BCC885B-6196-4B86-92A5-6C74C59568BA}.Debug|Any CPU.ActiveCfg = Debug|Any CPU
		{0BCC885B-6196-4B86-92A5-6C74C59568BA}.Debug|Any CPU.Build.0 = Debug|Any CPU
		{0BCC885B-6196-4B86-92A5-6C74C59568BA}.Release|Any CPU.ActiveCfg = Release|Any CPU
		{0BCC885B-6196-4B86-92A5-6C74C59568BA}.Release|Any CPU.Build.0 = Release|Any CPU
		{9FCF1A2A-5C00-4822-A043-1A0D8583C172}.Debug|Any CPU.ActiveCfg = Debug|Any CPU
		{9FCF1A2A-5C00-4822-A043-1A0D8583C172}.Debug|Any CPU.Build.0 = Debug|Any CPU
		{9FCF1A2A-5C00-4822-A043-1A0D8583C172}.Release|Any CPU.ActiveCfg = Release|Any CPU
		{9FCF1A2A-5C00-4822-A043-1A0D8583C172}.Release|Any CPU.Build.0 = Release|Any CPU
		{CAECC447-0F2C-4BA8-A44E-71D50DD62EF5}.Debug|Any CPU.ActiveCfg = Debug|Any CPU
		{CAECC447-0F2C-4BA8-A44E-71D50DD62EF5}.Debug|Any CPU.Build.0 = Debug|Any CPU
		{CAECC447-0F2C-4BA8-A44E-71D50DD62EF5}.Release|Any CPU.ActiveCfg = Release|Any CPU
		{CAECC447-0F2C-4BA8-A44E-71D50DD62EF5}.Release|Any CPU.Build.0 = Release|Any CPU
		{97E9B4B3-3CC3-45D6-B7AA-7A45EFA8C43B}.Debug|Any CPU.ActiveCfg = Debug|Any CPU
		{97E9B4B3-3CC3-45D6-B7AA-7A45EFA8C43B}.Debug|Any CPU.Build.0 = Debug|Any CPU
		{97E9B4B3-3CC3-45D6-B7AA-7A45EFA8C43B}.Release|Any CPU.ActiveCfg = Release|Any CPU
		{97E9B4B3-3CC3-45D6-B7AA-7A45EFA8C43B}.Release|Any CPU.Build.0 = Release|Any CPU
		{CE9E1313-6947-4912-844C-B4DE80F56F0B}.Debug|Any CPU.ActiveCfg = Debug|Any CPU
		{CE9E1313-6947-4912-844C-B4DE80F56F0B}.Debug|Any CPU.Build.0 = Debug|Any CPU
		{CE9E1313-6947-4912-844C-B4DE80F56F0B}.Release|Any CPU.ActiveCfg = Release|Any CPU
		{CE9E1313-6947-4912-844C-B4DE80F56F0B}.Release|Any CPU.Build.0 = Release|Any CPU
		{B930CD71-EFFD-4BB1-86A2-73D8F64213CB}.Debug|Any CPU.ActiveCfg = Debug|Any CPU
		{B930CD71-EFFD-4BB1-86A2-73D8F64213CB}.Debug|Any CPU.Build.0 = Debug|Any CPU
		{B930CD71-EFFD-4BB1-86A2-73D8F64213CB}.Release|Any CPU.ActiveCfg = Release|Any CPU
		{B930CD71-EFFD-4BB1-86A2-73D8F64213CB}.Release|Any CPU.Build.0 = Release|Any CPU
		{BC726342-843E-43DC-ADA5-BC8390E03000}.Debug|Any CPU.ActiveCfg = Debug|Any CPU
		{BC726342-843E-43DC-ADA5-BC8390E03000}.Debug|Any CPU.Build.0 = Debug|Any CPU
		{BC726342-843E-43DC-ADA5-BC8390E03000}.Release|Any CPU.ActiveCfg = Release|Any CPU
		{BC726342-843E-43DC-ADA5-BC8390E03000}.Release|Any CPU.Build.0 = Release|Any CPU
		{D63FBC64-8E86-4E10-A399-B817DDE70F68}.Debug|Any CPU.ActiveCfg = Debug|Any CPU
		{D63FBC64-8E86-4E10-A399-B817DDE70F68}.Debug|Any CPU.Build.0 = Debug|Any CPU
		{D63FBC64-8E86-4E10-A399-B817DDE70F68}.Release|Any CPU.ActiveCfg = Release|Any CPU
		{D63FBC64-8E86-4E10-A399-B817DDE70F68}.Release|Any CPU.Build.0 = Release|Any CPU
		{5DE781DA-A10A-4FE7-8F37-6917B6427679}.Debug|Any CPU.ActiveCfg = Debug|Any CPU
		{5DE781DA-A10A-4FE7-8F37-6917B6427679}.Debug|Any CPU.Build.0 = Debug|Any CPU
		{5DE781DA-A10A-4FE7-8F37-6917B6427679}.Release|Any CPU.ActiveCfg = Release|Any CPU
		{5DE781DA-A10A-4FE7-8F37-6917B6427679}.Release|Any CPU.Build.0 = Release|Any CPU
	EndGlobalSection
	GlobalSection(SolutionProperties) = preSolution
		HideSolutionNode = FALSE
	EndGlobalSection
	GlobalSection(NestedProjects) = preSolution
		{A6AC1FF1-A6B5-4189-A3B1-3B5B471A3224} = {B0F7B11B-9175-4DD0-B137-373737A6916E}
		{2ADE9E78-3E7A-4A7B-986D-26965DAA64E7} = {61B5F344-DCC6-46E4-852C-B193350D957A}
		{97E9B4B3-3CC3-45D6-B7AA-7A45EFA8C43B} = {61B5F344-DCC6-46E4-852C-B193350D957A}
		{3D9F1721-84EF-443F-B5A6-B692B3B0D8A2} = {EE3B3122-097D-4DA4-936C-BA882AFA0726}
		{B74F955F-BE8E-4DE0-8903-67C8C17C5E2B} = {2FAF4831-2A56-47AB-86A6-AD786E6CA594}
		{9FCF1A2A-5C00-4822-A043-1A0D8583C172} = {2FAF4831-2A56-47AB-86A6-AD786E6CA594}
		{CAECC447-0F2C-4BA8-A44E-71D50DD62EF5} = {2FAF4831-2A56-47AB-86A6-AD786E6CA594}
		{0BCC885B-6196-4B86-92A5-6C74C59568BA} = {ED39A615-DA80-4D14-B027-1B52693367A3}
		{CE9E1313-6947-4912-844C-B4DE80F56F0B} = {6987AF08-3DEC-4089-88EF-29DD0532B10C}
		{B930CD71-EFFD-4BB1-86A2-73D8F64213CB} = {6987AF08-3DEC-4089-88EF-29DD0532B10C}
		{BC726342-843E-43DC-ADA5-BC8390E03000} = {6987AF08-3DEC-4089-88EF-29DD0532B10C}
		{D63FBC64-8E86-4E10-A399-B817DDE70F68} = {6987AF08-3DEC-4089-88EF-29DD0532B10C}
		{5DE781DA-A10A-4FE7-8F37-6917B6427679} = {804BBB6B-381B-4C1C-9C10-C72E3FE7399F}
	EndGlobalSection
EndGlobal
